{
  "version": 4,
  "terraform_version": "1.11.0",
  "serial": 177,
  "lineage": "c37c0d5e-14d0-6a5a-ecad-49c035c8283a",
  "outputs": {
    "nat_instance_external_ip": {
      "value": "51.250.65.246",
      "type": "string"
    },
    "private_vm_internal_ip": {
      "value": "192.168.20.11",
      "type": "string"
    },
    "public_vm_external_ip": {
      "value": "51.250.7.85",
      "type": "string"
    }
  },
  "resources": [
    {
      "mode": "managed",
      "type": "yandex_compute_instance",
      "name": "nat-instance",
      "provider": "provider[\"registry.terraform.io/yandex-cloud/yandex\"]",
      "instances": [
        {
          "schema_version": 1,
          "attributes": {
            "allow_recreate": null,
            "allow_stopping_for_update": null,
            "boot_disk": [
              {
                "auto_delete": true,
                "device_name": "fhm1mnu4cgdsphgkkbg9",
                "disk_id": "fhm1mnu4cgdsphgkkbg9",
                "initialize_params": [
                  {
                    "block_size": 4096,
                    "description": "",
                    "image_id": "fd80mrhj8fl2oe87o4e1",
                    "kms_key_id": "",
                    "name": "",
                    "size": 3,
                    "snapshot_id": "",
                    "type": "network-hdd"
                  }
                ],
                "mode": "READ_WRITE"
              }
            ],
            "created_at": "2025-03-03T00:19:49Z",
            "description": "",
            "filesystem": [],
            "folder_id": "b1gam4o6rj97es4peaq4",
            "fqdn": "fhmck5dht15j7jo8vg50.auto.internal",
            "gpu_cluster_id": "",
            "hardware_generation": [
              {
                "generation2_features": [],
                "legacy_features": [
                  {
                    "pci_topology": "PCI_TOPOLOGY_V1"
                  }
                ]
              }
            ],
            "hostname": "",
            "id": "fhmck5dht15j7jo8vg50",
            "labels": {},
            "local_disk": [],
            "maintenance_grace_period": "",
            "maintenance_policy": null,
            "metadata": {
              "ssh-keys": "ubuntu:ssh-rsa AAAAB3NzaC1yc2EAAAADAQABAAABAQDMhGBFJEsPimmGxMXdt41un4lpFSRvTYd0wLMtFFeS1FKCy2efOscfGS9DrdPBi7mR/r5g+ZgHw/axcPMhvKTM8RrSV/9DDNusxm5Ss7gOo6ng0V/U1VhJbvsEWSNocgA52sydcXCZ5KbyREcpRYZHcFTf8CYbew3TeTY2GLAdEP8NUKy6zFzhObJXhSa0B2Bj7WffLSbyjcSTRUiQMwQdttzV68QkXZ4kkppwyyyl/1OIYiLJEMC3cToEEyoUDvyYHqbFW4q2b/MXV0dk0yU/w7sVvBFjj4ZpOtFfYYup+i8fFAQ4Scb8pgJZAq/A4TWDLFsVnhaI5rOWqLoHGG1l dextron@debian-final\n",
              "user-data": "#!/bin/bash\napt-get update\napt-get install -y iptables-persistent traceroute tcpdump curl\n      \n# Разрешаем аутентификацию по паролю\nsed -i 's/^PasswordAuthentication no/PasswordAuthentication yes/' /etc/ssh/sshd_config\n# Устанавливаем пароль для пользователя ubuntu\necho 'ubuntu:password123' | chpasswd\n# Перезапускаем SSH\nsystemctl restart sshd\n      \n# Настройка IP-форвардинга\necho 'net.ipv4.ip_forward = 1' | tee /etc/sysctl.d/99-ip-forward.conf\nsysctl -p /etc/sysctl.d/99-ip-forward.conf\n      \n# Настройка NAT\niptables -t nat -A POSTROUTING -o eth0 -j MASQUERADE\niptables-save | tee /etc/iptables/rules.v4\n      \n# Включение и сохранение правил\nsystemctl enable netfilter-persistent\nnetfilter-persistent save\n"
            },
            "metadata_options": [
              {
                "aws_v1_http_endpoint": 1,
                "aws_v1_http_token": 2,
                "gce_http_endpoint": 1,
                "gce_http_token": 1
              }
            ],
            "name": "nat-instance",
            "network_acceleration_type": "standard",
            "network_interface": [
              {
                "dns_record": [],
                "index": 0,
                "ip_address": "192.168.10.254",
                "ipv4": true,
                "ipv6": false,
                "ipv6_address": "",
                "ipv6_dns_record": [],
                "mac_address": "d0:0d:ca:15:b1:e8",
                "nat": true,
                "nat_dns_record": [],
                "nat_ip_address": "51.250.65.246",
                "nat_ip_version": "IPV4",
                "security_group_ids": [
                  "enpa2geg8ho3b61j3ojc"
                ],
                "subnet_id": "e9brhcdqtrannkuiphkl"
              }
            ],
            "placement_policy": [
              {
                "host_affinity_rules": [],
                "placement_group_id": "",
                "placement_group_partition": 0
              }
            ],
            "platform_id": "standard-v1",
            "resources": [
              {
                "core_fraction": 100,
                "cores": 2,
                "gpus": 0,
                "memory": 2
              }
            ],
            "scheduling_policy": [
              {
                "preemptible": false
              }
            ],
            "secondary_disk": [],
            "service_account_id": "",
            "status": "running",
            "timeouts": null,
            "zone": "ru-central1-a"
          },
          "sensitive_attributes": [],
          "private": "eyJlMmJmYjczMC1lY2FhLTExZTYtOGY4OC0zNDM2M2JjN2M0YzAiOnsiY3JlYXRlIjozMDAwMDAwMDAwMDAsImRlbGV0ZSI6MzAwMDAwMDAwMDAwLCJ1cGRhdGUiOjMwMDAwMDAwMDAwMH0sInNjaGVtYV92ZXJzaW9uIjoiMSJ9",
          "dependencies": [
            "yandex_vpc_network.network",
            "yandex_vpc_security_group.basic",
            "yandex_vpc_subnet.public"
          ]
        }
      ]
    },
    {
      "mode": "managed",
      "type": "yandex_compute_instance",
      "name": "private-vm",
      "provider": "provider[\"registry.terraform.io/yandex-cloud/yandex\"]",
      "instances": [
        {
          "schema_version": 1,
          "attributes": {
            "allow_recreate": null,
            "allow_stopping_for_update": null,
            "boot_disk": [
              {
                "auto_delete": true,
                "device_name": "fhmmffodsoja7052lvgr",
                "disk_id": "fhmmffodsoja7052lvgr",
                "initialize_params": [
                  {
                    "block_size": 4096,
                    "description": "",
                    "image_id": "fd8vmcue7aajpmeo39kk",
                    "kms_key_id": "",
                    "name": "",
                    "size": 3,
                    "snapshot_id": "",
                    "type": "network-hdd"
                  }
                ],
                "mode": "READ_WRITE"
              }
            ],
            "created_at": "2025-03-03T22:22:44Z",
            "description": "",
            "filesystem": [],
            "folder_id": "b1gam4o6rj97es4peaq4",
            "fqdn": "fhmn9o4eb53lq066nki9.auto.internal",
            "gpu_cluster_id": "",
            "hardware_generation": [
              {
                "generation2_features": [],
                "legacy_features": [
                  {
                    "pci_topology": "PCI_TOPOLOGY_V1"
                  }
                ]
              }
            ],
            "hostname": "",
            "id": "fhmn9o4eb53lq066nki9",
            "labels": null,
            "local_disk": [],
            "maintenance_grace_period": "",
            "maintenance_policy": null,
            "metadata": {
              "ssh-keys": "ubuntu:ssh-rsa AAAAB3NzaC1yc2EAAAADAQABAAABAQDMhGBFJEsPimmGxMXdt41un4lpFSRvTYd0wLMtFFeS1FKCy2efOscfGS9DrdPBi7mR/r5g+ZgHw/axcPMhvKTM8RrSV/9DDNusxm5Ss7gOo6ng0V/U1VhJbvsEWSNocgA52sydcXCZ5KbyREcpRYZHcFTf8CYbew3TeTY2GLAdEP8NUKy6zFzhObJXhSa0B2Bj7WffLSbyjcSTRUiQMwQdttzV68QkXZ4kkppwyyyl/1OIYiLJEMC3cToEEyoUDvyYHqbFW4q2b/MXV0dk0yU/w7sVvBFjj4ZpOtFfYYup+i8fFAQ4Scb8pgJZAq/A4TWDLFsVnhaI5rOWqLoHGG1l dextron@debian-final\n",
              "user-data": "#!/bin/bash\n# Обновляем пакеты\napt-get update\n      \n# Устанавливаем необходимые пакеты\napt-get install -y openssh-server\n      \n# Разрешаем аутентификацию по паролю\nsed -i 's/#PasswordAuthentication yes/PasswordAuthentication yes/' /etc/ssh/sshd_config\n      \n# Устанавливаем пароль для пользователя ubuntu\necho 'ubuntu:password123' | chpasswd\n      \n# Перезапускаем SSH\nsystemctl restart ssh\n"
            },
            "metadata_options": [
              {
                "aws_v1_http_endpoint": 1,
                "aws_v1_http_token": 2,
                "gce_http_endpoint": 1,
                "gce_http_token": 1
              }
            ],
            "name": "private-vm",
            "network_acceleration_type": "standard",
            "network_interface": [
              {
                "dns_record": [],
                "index": 0,
                "ip_address": "192.168.20.11",
                "ipv4": true,
                "ipv6": false,
                "ipv6_address": "",
                "ipv6_dns_record": [],
                "mac_address": "d0:0d:17:4e:08:e5",
                "nat": false,
                "nat_dns_record": [],
                "nat_ip_address": "",
                "nat_ip_version": "",
                "security_group_ids": [
                  "enpa2geg8ho3b61j3ojc"
                ],
                "subnet_id": "e9bgm1sp8dobldgul0c4"
              }
            ],
            "placement_policy": [
              {
                "host_affinity_rules": [],
                "placement_group_id": "",
                "placement_group_partition": 0
              }
            ],
            "platform_id": "standard-v1",
            "resources": [
              {
                "core_fraction": 100,
                "cores": 2,
                "gpus": 0,
                "memory": 2
              }
            ],
            "scheduling_policy": [
              {
                "preemptible": false
              }
            ],
            "secondary_disk": [],
            "service_account_id": "",
            "status": "running",
            "timeouts": null,
            "zone": "ru-central1-a"
          },
          "sensitive_attributes": [],
          "private": "eyJlMmJmYjczMC1lY2FhLTExZTYtOGY4OC0zNDM2M2JjN2M0YzAiOnsiY3JlYXRlIjozMDAwMDAwMDAwMDAsImRlbGV0ZSI6MzAwMDAwMDAwMDAwLCJ1cGRhdGUiOjMwMDAwMDAwMDAwMH0sInNjaGVtYV92ZXJzaW9uIjoiMSJ9",
          "dependencies": [
            "yandex_vpc_network.network",
            "yandex_vpc_route_table.nat-route",
            "yandex_vpc_security_group.basic",
            "yandex_vpc_subnet.private"
          ]
        }
      ]
    },
    {
      "mode": "managed",
      "type": "yandex_compute_instance",
      "name": "public-vm",
      "provider": "provider[\"registry.terraform.io/yandex-cloud/yandex\"]",
      "instances": [
        {
          "schema_version": 1,
          "attributes": {
            "allow_recreate": null,
            "allow_stopping_for_update": null,
            "boot_disk": [
              {
                "auto_delete": true,
                "device_name": "fhm8rr4p4e74c0psjkbk",
                "disk_id": "fhm8rr4p4e74c0psjkbk",
                "initialize_params": [
                  {
                    "block_size": 4096,
                    "description": "",
                    "image_id": "fd8vmcue7aajpmeo39kk",
                    "kms_key_id": "",
                    "name": "",
                    "size": 3,
                    "snapshot_id": "",
                    "type": "network-hdd"
                  }
                ],
                "mode": "READ_WRITE"
              }
            ],
            "created_at": "2025-03-03T22:22:44Z",
            "description": "",
            "filesystem": [],
            "folder_id": "b1gam4o6rj97es4peaq4",
            "fqdn": "fhmfnj5aj54u9gu8j15k.auto.internal",
            "gpu_cluster_id": "",
            "hardware_generation": [
              {
                "generation2_features": [],
                "legacy_features": [
                  {
                    "pci_topology": "PCI_TOPOLOGY_V1"
                  }
                ]
              }
            ],
            "hostname": "",
            "id": "fhmfnj5aj54u9gu8j15k",
            "labels": null,
            "local_disk": [],
            "maintenance_grace_period": "",
            "maintenance_policy": null,
            "metadata": {
              "ssh-keys": "ubuntu:ssh-rsa AAAAB3NzaC1yc2EAAAADAQABAAABAQDMhGBFJEsPimmGxMXdt41un4lpFSRvTYd0wLMtFFeS1FKCy2efOscfGS9DrdPBi7mR/r5g+ZgHw/axcPMhvKTM8RrSV/9DDNusxm5Ss7gOo6ng0V/U1VhJbvsEWSNocgA52sydcXCZ5KbyREcpRYZHcFTf8CYbew3TeTY2GLAdEP8NUKy6zFzhObJXhSa0B2Bj7WffLSbyjcSTRUiQMwQdttzV68QkXZ4kkppwyyyl/1OIYiLJEMC3cToEEyoUDvyYHqbFW4q2b/MXV0dk0yU/w7sVvBFjj4ZpOtFfYYup+i8fFAQ4Scb8pgJZAq/A4TWDLFsVnhaI5rOWqLoHGG1l dextron@debian-final\n",
              "user-data": "#!/bin/bash\n# Обновляем пакеты\napt-get update\n      \n# Устанавливаем необходимые пакеты\napt-get install -y openssh-server\n      \n# Разрешаем аутентификацию по паролю\nsed -i 's/#PasswordAuthentication yes/PasswordAuthentication yes/' /etc/ssh/sshd_config\n      \n# Устанавливаем пароль для пользователя ubuntu\necho 'ubuntu:password123' | chpasswd\n      \n# Перезапускаем SSH\nsystemctl restart ssh\n"
            },
            "metadata_options": [
              {
                "aws_v1_http_endpoint": 1,
                "aws_v1_http_token": 2,
                "gce_http_endpoint": 1,
                "gce_http_token": 1
              }
            ],
            "name": "public-vm",
            "network_acceleration_type": "standard",
            "network_interface": [
              {
                "dns_record": [],
                "index": 0,
                "ip_address": "192.168.10.25",
                "ipv4": true,
                "ipv6": false,
                "ipv6_address": "",
                "ipv6_dns_record": [],
                "mac_address": "d0:0d:fb:cc:aa:99",
                "nat": true,
                "nat_dns_record": [],
                "nat_ip_address": "51.250.7.85",
                "nat_ip_version": "IPV4",
                "security_group_ids": [
                  "enpa2geg8ho3b61j3ojc"
                ],
                "subnet_id": "e9brhcdqtrannkuiphkl"
              }
            ],
            "placement_policy": [
              {
                "host_affinity_rules": [],
                "placement_group_id": "",
                "placement_group_partition": 0
              }
            ],
            "platform_id": "standard-v1",
            "resources": [
              {
                "core_fraction": 100,
                "cores": 2,
                "gpus": 0,
                "memory": 2
              }
            ],
            "scheduling_policy": [
              {
                "preemptible": false
              }
            ],
            "secondary_disk": [],
            "service_account_id": "",
            "status": "running",
            "timeouts": null,
            "zone": "ru-central1-a"
          },
          "sensitive_attributes": [],
          "private": "eyJlMmJmYjczMC1lY2FhLTExZTYtOGY4OC0zNDM2M2JjN2M0YzAiOnsiY3JlYXRlIjozMDAwMDAwMDAwMDAsImRlbGV0ZSI6MzAwMDAwMDAwMDAwLCJ1cGRhdGUiOjMwMDAwMDAwMDAwMH0sInNjaGVtYV92ZXJzaW9uIjoiMSJ9",
          "dependencies": [
            "yandex_vpc_network.network",
            "yandex_vpc_security_group.basic",
            "yandex_vpc_subnet.public"
          ]
        }
      ]
    },
    {
      "mode": "managed",
      "type": "yandex_vpc_network",
      "name": "network",
      "provider": "provider[\"registry.terraform.io/yandex-cloud/yandex\"]",
      "instances": [
        {
          "schema_version": 0,
          "attributes": {
            "created_at": "2025-03-03T00:19:43Z",
            "default_security_group_id": "enp549tc0u2bm8o6qtbe",
            "description": "",
            "folder_id": "b1gam4o6rj97es4peaq4",
            "id": "enpdnkio8ukcfvm9sq6k",
            "labels": {},
            "name": "network",
            "subnet_ids": [
              "e9bgm1sp8dobldgul0c4",
              "e9brhcdqtrannkuiphkl"
            ],
            "timeouts": null
          },
          "sensitive_attributes": [],
          "private": "eyJlMmJmYjczMC1lY2FhLTExZTYtOGY4OC0zNDM2M2JjN2M0YzAiOnsiY3JlYXRlIjo2MDAwMDAwMDAwMCwiZGVsZXRlIjo2MDAwMDAwMDAwMCwidXBkYXRlIjo2MDAwMDAwMDAwMH19"
        }
      ]
    },
    {
      "mode": "managed",
      "type": "yandex_vpc_route_table",
      "name": "nat-route",
      "provider": "provider[\"registry.terraform.io/yandex-cloud/yandex\"]",
      "instances": [
        {
          "schema_version": 0,
          "attributes": {
            "created_at": "2025-03-03T00:19:46Z",
            "description": "",
            "folder_id": "b1gam4o6rj97es4peaq4",
            "id": "enp5vevl13b9ibv2qpor",
            "labels": {},
            "name": "nat-route-table",
            "network_id": "enpdnkio8ukcfvm9sq6k",
            "static_route": [
              {
                "destination_prefix": "0.0.0.0/0",
                "gateway_id": "",
                "next_hop_address": "192.168.10.254"
              }
            ],
            "timeouts": null
          },
          "sensitive_attributes": [],
          "private": "eyJlMmJmYjczMC1lY2FhLTExZTYtOGY4OC0zNDM2M2JjN2M0YzAiOnsiY3JlYXRlIjoxODAwMDAwMDAwMDAsImRlbGV0ZSI6MTgwMDAwMDAwMDAwLCJ1cGRhdGUiOjE4MDAwMDAwMDAwMH19",
          "dependencies": [
            "yandex_vpc_network.network"
          ]
        }
      ]
    },
    {
      "mode": "managed",
      "type": "yandex_vpc_security_group",
      "name": "basic",
      "provider": "provider[\"registry.terraform.io/yandex-cloud/yandex\"]",
      "instances": [
        {
          "schema_version": 0,
          "attributes": {
            "created_at": "2025-03-03T00:19:47Z",
            "description": "",
            "egress": [
              {
                "description": "any egress",
                "from_port": -1,
                "id": "enps5tf22m41ic7oo6mn",
                "labels": {},
                "port": -1,
                "predefined_target": "",
                "protocol": "ANY",
                "security_group_id": "",
                "to_port": -1,
                "v4_cidr_blocks": [
                  "0.0.0.0/0"
                ],
                "v6_cidr_blocks": []
              }
            ],
            "folder_id": "b1gam4o6rj97es4peaq4",
            "id": "enpa2geg8ho3b61j3ojc",
            "ingress": [
              {
                "description": "allow internal",
                "from_port": -1,
                "id": "enpvj7hq29qr8has6ukl",
                "labels": {},
                "port": -1,
                "predefined_target": "",
                "protocol": "ANY",
                "security_group_id": "",
                "to_port": -1,
                "v4_cidr_blocks": [
                  "192.168.10.0/24",
                  "192.168.20.0/24"
                ],
                "v6_cidr_blocks": []
              },
              {
                "description": "ping",
                "from_port": -1,
                "id": "enpded64l5blsfvikavl",
                "labels": {},
                "port": -1,
                "predefined_target": "",
                "protocol": "ICMP",
                "security_group_id": "",
                "to_port": -1,
                "v4_cidr_blocks": [
                  "0.0.0.0/0"
                ],
                "v6_cidr_blocks": []
              },
              {
                "description": "ssh",
                "from_port": -1,
                "id": "enpo3cbu527dv7vllf1q",
                "labels": {},
                "port": 22,
                "predefined_target": "",
                "protocol": "TCP",
                "security_group_id": "",
                "to_port": -1,
                "v4_cidr_blocks": [
                  "0.0.0.0/0"
                ],
                "v6_cidr_blocks": []
              }
            ],
            "labels": {},
            "name": "basic",
            "network_id": "enpdnkio8ukcfvm9sq6k",
            "status": "ACTIVE",
            "timeouts": null
          },
          "sensitive_attributes": [],
          "private": "eyJlMmJmYjczMC1lY2FhLTExZTYtOGY4OC0zNDM2M2JjN2M0YzAiOnsiY3JlYXRlIjoxODAwMDAwMDAwMDAsImRlbGV0ZSI6MTgwMDAwMDAwMDAwLCJ1cGRhdGUiOjE4MDAwMDAwMDAwMH19",
          "dependencies": [
            "yandex_vpc_network.network"
          ]
        }
      ]
    },
    {
      "mode": "managed",
      "type": "yandex_vpc_subnet",
      "name": "private",
      "provider": "provider[\"registry.terraform.io/yandex-cloud/yandex\"]",
      "instances": [
        {
          "schema_version": 0,
          "attributes": {
            "created_at": "2025-03-03T00:19:47Z",
            "description": "",
            "dhcp_options": [],
            "folder_id": "b1gam4o6rj97es4peaq4",
            "id": "e9bgm1sp8dobldgul0c4",
            "labels": {},
            "name": "private",
            "network_id": "enpdnkio8ukcfvm9sq6k",
            "route_table_id": "enp5vevl13b9ibv2qpor",
            "timeouts": null,
            "v4_cidr_blocks": [
              "192.168.20.0/24"
            ],
            "v6_cidr_blocks": [],
            "zone": "ru-central1-a"
          },
          "sensitive_attributes": [],
          "private": "eyJlMmJmYjczMC1lY2FhLTExZTYtOGY4OC0zNDM2M2JjN2M0YzAiOnsiY3JlYXRlIjoxODAwMDAwMDAwMDAsImRlbGV0ZSI6MTgwMDAwMDAwMDAwLCJ1cGRhdGUiOjE4MDAwMDAwMDAwMH19",
          "dependencies": [
            "yandex_vpc_network.network",
            "yandex_vpc_route_table.nat-route"
          ]
        }
      ]
    },
    {
      "mode": "managed",
      "type": "yandex_vpc_subnet",
      "name": "public",
      "provider": "provider[\"registry.terraform.io/yandex-cloud/yandex\"]",
      "instances": [
        {
          "schema_version": 0,
          "attributes": {
            "created_at": "2025-03-03T00:19:45Z",
            "description": "",
            "dhcp_options": [],
            "folder_id": "b1gam4o6rj97es4peaq4",
            "id": "e9brhcdqtrannkuiphkl",
            "labels": {},
            "name": "public",
            "network_id": "enpdnkio8ukcfvm9sq6k",
            "route_table_id": "",
            "timeouts": null,
            "v4_cidr_blocks": [
              "192.168.10.0/24"
            ],
            "v6_cidr_blocks": [],
            "zone": "ru-central1-a"
          },
          "sensitive_attributes": [],
          "private": "eyJlMmJmYjczMC1lY2FhLTExZTYtOGY4OC0zNDM2M2JjN2M0YzAiOnsiY3JlYXRlIjoxODAwMDAwMDAwMDAsImRlbGV0ZSI6MTgwMDAwMDAwMDAwLCJ1cGRhdGUiOjE4MDAwMDAwMDAwMH19",
          "dependencies": [
            "yandex_vpc_network.network"
          ]
        }
      ]
    }
  ],
  "check_results": null
}
